
Microsoft Visual Studio Solution File, Format Version 12.00
# Visual Studio Version 17
VisualStudioVersion = 17.9.34728.123
MinimumVisualStudioVersion = 10.0.40219.1
Project("{FAE04EC0-301F-11D3-BF4B-00C04F79EFBC}") = "InvoiceApi", "InvoiceApi\InvoiceApi.csproj", "{B2593E08-604E-487A-9701-B66727AAFA9B}"
EndProject
Global
	GlobalSection(SolutionConfigurationPlatforms) = preSolution
		Debug|Any CPU = Debug|Any CPU
		Release|Any CPU = Release|Any CPU
	EndGlobalSection
	GlobalSection(ProjectConfigurationPlatforms) = postSolution
		{B2593E08-604E-487A-9701-B66727AAFA9B}.Debug|Any CPU.ActiveCfg = Debug|Any CPU
		{B2593E08-604E-487A-9701-B66727AAFA9B}.Debug|Any CPU.Build.0 = Debug|Any CPU
		{B2593E08-604E-487A-9701-B66727AAFA9B}.Release|Any CPU.ActiveCfg = Release|Any CPU
		{B2593E08-604E-487A-9701-B66727AAFA9B}.Release|Any CPU.Build.0 = Release|Any CPU
	EndGlobalSection
	GlobalSection(SolutionProperties) = preSolution
		HideSolutionNode = FALSE
	EndGlobalSection
	GlobalSection(ExtensibilityGlobals) = postSolution
		SolutionGuid = {63A87FF8-174B-4D30-A23B-1A813BDE1401}
	EndGlobalSection
EndGlobal
